
Microsoft Visual Studio Solution File, Format Version 12.00
# Visual Studio Version 17
VisualStudioVersion = 17.4.35026.314
MinimumVisualStudioVersion = 10.0.40219.1
Project("{8BC9CEB8-8B4A-11D0-8D11-00A0C91BC942}") = "CudaRuntime1", "CudaRuntime1\CudaRuntime1.vcxproj", "{461CF7FA-31DE-4316-8C12-F9D087433AF4}"
EndProject
Global
	GlobalSection(SolutionConfigurationPlatforms) = preSolution
		Debug|x64 = Debug|x64
		Release|x64 = Release|x64
	EndGlobalSection
	GlobalSection(ProjectConfigurationPlatforms) = postSolution
		{461CF7FA-31DE-4316-8C12-F9D087433AF4}.Debug|x64.ActiveCfg = Debug|x64
		{461CF7FA-31DE-4316-8C12-F9D087433AF4}.Debug|x64.Build.0 = Debug|x64
		{461CF7FA-31DE-4316-8C12-F9D087433AF4}.Release|x64.ActiveCfg = Release|x64
		{461CF7FA-31DE-4316-8C12-F9D087433AF4}.Release|x64.Build.0 = Release|x64
	EndGlobalSection
	GlobalSection(SolutionProperties) = preSolution
		HideSolutionNode = FALSE
	EndGlobalSection
	GlobalSection(ExtensibilityGlobals) = postSolution
		SolutionGuid = {9BC1E1CC-AA66-44E6-B5AC-A2902AE9B69F}
	EndGlobalSection
EndGlobal
